
Microsoft Visual Studio Solution File, Format Version 12.00
# Visual Studio Version 16
VisualStudioVersion = 25.0.1706.4
MinimumVisualStudioVersion = 10.0.40219.1
Project("{FAE04EC0-301F-11D3-BF4B-00C04F79EFBC}") = "PartnerPlusPoints", "PartnerPlusPoints.csproj", "{5F1298E4-B198-496D-A450-6E49D78D7E8C}"
EndProject
Global
	GlobalSection(SolutionConfigurationPlatforms) = preSolution
		Debug|Any CPU = Debug|Any CPU
		Release|Any CPU = Release|Any CPU
	EndGlobalSection
	GlobalSection(ProjectConfigurationPlatforms) = postSolution
		{5F1298E4-B198-496D-A450-6E49D78D7E8C}.Debug|Any CPU.ActiveCfg = Debug|Any CPU
		{5F1298E4-B198-496D-A450-6E49D78D7E8C}.Debug|Any CPU.Build.0 = Debug|Any CPU
		{5F1298E4-B198-496D-A450-6E49D78D7E8C}.Release|Any CPU.ActiveCfg = Release|Any CPU
		{5F1298E4-B198-496D-A450-6E49D78D7E8C}.Release|Any CPU.Build.0 = Release|Any CPU
	EndGlobalSection
	GlobalSection(SolutionProperties) = preSolution
		HideSolutionNode = FALSE
	EndGlobalSection
	GlobalSection(ExtensibilityGlobals) = postSolution
		SolutionGuid = {3A70C030-409C-4F1F-9ED9-AC206B31EC5A}
	EndGlobalSection
EndGlobal
